
Microsoft Visual Studio Solution File, Format Version 12.00
# Visual Studio Version 17
VisualStudioVersion = 17.9.34723.18
MinimumVisualStudioVersion = 10.0.40219.1
Project("{FAE04EC0-301F-11D3-BF4B-00C04F79EFBC}") = "RuntimeScripting", "RuntimeScripting.csproj", "{B14F0666-DB2E-44FD-9A9C-136D1A46A448}"
EndProject
Global
	GlobalSection(SolutionConfigurationPlatforms) = preSolution
		Debug|Any CPU = Debug|Any CPU
		Release|Any CPU = Release|Any CPU
	EndGlobalSection
	GlobalSection(ProjectConfigurationPlatforms) = postSolution
		{B14F0666-DB2E-44FD-9A9C-136D1A46A448}.Debug|Any CPU.ActiveCfg = Debug|Any CPU
		{B14F0666-DB2E-44FD-9A9C-136D1A46A448}.Debug|Any CPU.Build.0 = Debug|Any CPU
		{B14F0666-DB2E-44FD-9A9C-136D1A46A448}.Release|Any CPU.ActiveCfg = Release|Any CPU
		{B14F0666-DB2E-44FD-9A9C-136D1A46A448}.Release|Any CPU.Build.0 = Release|Any CPU
	EndGlobalSection
	GlobalSection(SolutionProperties) = preSolution
		HideSolutionNode = FALSE
	EndGlobalSection
	GlobalSection(ExtensibilityGlobals) = postSolution
		SolutionGuid = {341DE82A-C765-4451-87C8-3851E8D4CE97}
	EndGlobalSection
EndGlobal
